
Microsoft Visual Studio Solution File, Format Version 12.00
# Visual Studio Version 16
VisualStudioVersion = 16.0.31424.327
MinimumVisualStudioVersion = 10.0.40219.1
Project("{FAE04EC0-301F-11D3-BF4B-00C04F79EFBC}") = "Geostorm", "Geostorm\Geostorm.csproj", "{06002DAC-A212-40FC-A785-E1C83FCD79B1}"
EndProject
Global
	GlobalSection(SolutionConfigurationPlatforms) = preSolution
		Debug|Any CPU = Debug|Any CPU
		Release|Any CPU = Release|Any CPU
	EndGlobalSection
	GlobalSection(ProjectConfigurationPlatforms) = postSolution
		{06002DAC-A212-40FC-A785-E1C83FCD79B1}.Debug|Any CPU.ActiveCfg = Debug|Any CPU
		{06002DAC-A212-40FC-A785-E1C83FCD79B1}.Debug|Any CPU.Build.0 = Debug|Any CPU
		{06002DAC-A212-40FC-A785-E1C83FCD79B1}.Release|Any CPU.ActiveCfg = Release|Any CPU
		{06002DAC-A212-40FC-A785-E1C83FCD79B1}.Release|Any CPU.Build.0 = Release|Any CPU
	EndGlobalSection
	GlobalSection(SolutionProperties) = preSolution
		HideSolutionNode = FALSE
	EndGlobalSection
	GlobalSection(ExtensibilityGlobals) = postSolution
		SolutionGuid = {C2167A89-D0F9-4A9F-A58F-7D4E71B43B10}
	EndGlobalSection
EndGlobal
